
Microsoft Visual Studio Solution File, Format Version 12.00
# Visual Studio Version 17
VisualStudioVersion = 17.5.002.0
MinimumVisualStudioVersion = 10.0.40219.1
Project("{9A19103F-16F7-4668-BE54-9A1E7A4F7556}") = "Nebula", "Nebula.csproj", "{A6F611F5-CC4D-4B59-92C2-1AD8E2CD53E2}"
EndProject
Project("{FAE04EC0-301F-11D3-BF4B-00C04F79EFBC}") = "Nebula.Missions", "Nebula.Missions\Nebula.Missions.csproj", "{16401EC2-39EA-494A-A17E-218C6711936A}"
EndProject
Project("{FAE04EC0-301F-11D3-BF4B-00C04F79EFBC}") = "Nebula.UI", "Nebula.UI\Nebula.UI.csproj", "{86A3B98A-DAC4-4175-B5F5-5B8AE30910DE}"
EndProject
Project("{FAE04EC0-301F-11D3-BF4B-00C04F79EFBC}") = "Nebula.Utils", "Nebula.Utils\Nebula.Utils.csproj", "{9D645AE2-3DA5-4590-A6A7-73B567428298}"
EndProject
Project("{FAE04EC0-301F-11D3-BF4B-00C04F79EFBC}") = "Nebula.EasyCecil", "Nebula.EasyCecil\Nebula.EasyCecil.csproj", "{4D235624-3F20-41A7-AEC1-7462747E9D01}"
EndProject
Project("{FAE04EC0-301F-11D3-BF4B-00C04F79EFBC}") = "Nebula.ModConfig.Prepatches", "Nebula.ModConfig.Prepatches\Nebula.ModConfig.Prepatches.csproj", "{A051443E-A4AA-487C-80E2-3BBECAE1126B}"
EndProject
Project("{FAE04EC0-301F-11D3-BF4B-00C04F79EFBC}") = "Nebula.ModConfig", "Nebula.ModConfig\Nebula.ModConfig.csproj", "{DCCA5DD4-A7F6-4C34-8742-629BB61E7A39}"
EndProject
Global
	GlobalSection(SolutionConfigurationPlatforms) = preSolution
		Debug|Any CPU = Debug|Any CPU
		Export|Any CPU = Export|Any CPU
		Release|Any CPU = Release|Any CPU
	EndGlobalSection
	GlobalSection(ProjectConfigurationPlatforms) = postSolution
		{A6F611F5-CC4D-4B59-92C2-1AD8E2CD53E2}.Debug|Any CPU.ActiveCfg = Debug|Any CPU
		{A6F611F5-CC4D-4B59-92C2-1AD8E2CD53E2}.Debug|Any CPU.Build.0 = Debug|Any CPU
		{A6F611F5-CC4D-4B59-92C2-1AD8E2CD53E2}.Export|Any CPU.ActiveCfg = Export|Any CPU
		{A6F611F5-CC4D-4B59-92C2-1AD8E2CD53E2}.Export|Any CPU.Build.0 = Export|Any CPU
		{A6F611F5-CC4D-4B59-92C2-1AD8E2CD53E2}.Release|Any CPU.ActiveCfg = Release|Any CPU
		{A6F611F5-CC4D-4B59-92C2-1AD8E2CD53E2}.Release|Any CPU.Build.0 = Release|Any CPU
		{16401EC2-39EA-494A-A17E-218C6711936A}.Debug|Any CPU.ActiveCfg = Debug|Any CPU
		{16401EC2-39EA-494A-A17E-218C6711936A}.Debug|Any CPU.Build.0 = Debug|Any CPU
		{16401EC2-39EA-494A-A17E-218C6711936A}.Export|Any CPU.ActiveCfg = Debug|Any CPU
		{16401EC2-39EA-494A-A17E-218C6711936A}.Export|Any CPU.Build.0 = Debug|Any CPU
		{16401EC2-39EA-494A-A17E-218C6711936A}.Release|Any CPU.ActiveCfg = Release|Any CPU
		{16401EC2-39EA-494A-A17E-218C6711936A}.Release|Any CPU.Build.0 = Release|Any CPU
		{86A3B98A-DAC4-4175-B5F5-5B8AE30910DE}.Debug|Any CPU.ActiveCfg = Debug|Any CPU
		{86A3B98A-DAC4-4175-B5F5-5B8AE30910DE}.Debug|Any CPU.Build.0 = Debug|Any CPU
		{86A3B98A-DAC4-4175-B5F5-5B8AE30910DE}.Export|Any CPU.ActiveCfg = Debug|Any CPU
		{86A3B98A-DAC4-4175-B5F5-5B8AE30910DE}.Export|Any CPU.Build.0 = Debug|Any CPU
		{86A3B98A-DAC4-4175-B5F5-5B8AE30910DE}.Release|Any CPU.ActiveCfg = Release|Any CPU
		{86A3B98A-DAC4-4175-B5F5-5B8AE30910DE}.Release|Any CPU.Build.0 = Release|Any CPU
		{9D645AE2-3DA5-4590-A6A7-73B567428298}.Debug|Any CPU.ActiveCfg = Debug|Any CPU
		{9D645AE2-3DA5-4590-A6A7-73B567428298}.Debug|Any CPU.Build.0 = Debug|Any CPU
		{9D645AE2-3DA5-4590-A6A7-73B567428298}.Export|Any CPU.ActiveCfg = Debug|Any CPU
		{9D645AE2-3DA5-4590-A6A7-73B567428298}.Export|Any CPU.Build.0 = Debug|Any CPU
		{9D645AE2-3DA5-4590-A6A7-73B567428298}.Release|Any CPU.ActiveCfg = Release|Any CPU
		{9D645AE2-3DA5-4590-A6A7-73B567428298}.Release|Any CPU.Build.0 = Release|Any CPU
		{4D235624-3F20-41A7-AEC1-7462747E9D01}.Debug|Any CPU.ActiveCfg = Debug|Any CPU
		{4D235624-3F20-41A7-AEC1-7462747E9D01}.Debug|Any CPU.Build.0 = Debug|Any CPU
		{4D235624-3F20-41A7-AEC1-7462747E9D01}.Export|Any CPU.ActiveCfg = Debug|Any CPU
		{4D235624-3F20-41A7-AEC1-7462747E9D01}.Export|Any CPU.Build.0 = Debug|Any CPU
		{4D235624-3F20-41A7-AEC1-7462747E9D01}.Release|Any CPU.ActiveCfg = Release|Any CPU
		{4D235624-3F20-41A7-AEC1-7462747E9D01}.Release|Any CPU.Build.0 = Release|Any CPU
		{A051443E-A4AA-487C-80E2-3BBECAE1126B}.Debug|Any CPU.ActiveCfg = Debug|Any CPU
		{A051443E-A4AA-487C-80E2-3BBECAE1126B}.Debug|Any CPU.Build.0 = Debug|Any CPU
		{A051443E-A4AA-487C-80E2-3BBECAE1126B}.Export|Any CPU.ActiveCfg = Debug|Any CPU
		{A051443E-A4AA-487C-80E2-3BBECAE1126B}.Export|Any CPU.Build.0 = Debug|Any CPU
		{A051443E-A4AA-487C-80E2-3BBECAE1126B}.Release|Any CPU.ActiveCfg = Release|Any CPU
		{A051443E-A4AA-487C-80E2-3BBECAE1126B}.Release|Any CPU.Build.0 = Release|Any CPU
		{DCCA5DD4-A7F6-4C34-8742-629BB61E7A39}.Debug|Any CPU.ActiveCfg = Debug|Any CPU
		{DCCA5DD4-A7F6-4C34-8742-629BB61E7A39}.Debug|Any CPU.Build.0 = Debug|Any CPU
		{DCCA5DD4-A7F6-4C34-8742-629BB61E7A39}.Export|Any CPU.ActiveCfg = Debug|Any CPU
		{DCCA5DD4-A7F6-4C34-8742-629BB61E7A39}.Export|Any CPU.Build.0 = Debug|Any CPU
		{DCCA5DD4-A7F6-4C34-8742-629BB61E7A39}.Release|Any CPU.ActiveCfg = Release|Any CPU
		{DCCA5DD4-A7F6-4C34-8742-629BB61E7A39}.Release|Any CPU.Build.0 = Release|Any CPU
	EndGlobalSection
	GlobalSection(SolutionProperties) = preSolution
		HideSolutionNode = FALSE
	EndGlobalSection
	GlobalSection(ExtensibilityGlobals) = postSolution
		SolutionGuid = {4D86630D-AEEA-463A-9F75-94BBA3DFA1CD}
	EndGlobalSection
EndGlobal
